{
  "version": 4,
  "terraform_version": "1.0.1",
  "serial": 1,
  "lineage": "1edcd8c2-31c9-95ae-40b7-b128d6f7c8a9",
  "outputs": {},
  "resources": [
    {
      "mode": "managed",
      "type": "google_storage_bucket",
      "name": "my_cloud_bucket",
      "provider": "provider[\"registry.terraform.io/hashicorp/google\"]",
      "instances": [
        {
          "schema_version": 0,
          "attributes": {
            "bucket_policy_only": false,
            "cors": [],
            "default_event_based_hold": false,
            "encryption": [],
            "force_destroy": false,
            "id": "my_cloud_bucket_876543",
            "labels": null,
            "lifecycle_rule": [],
            "location": "EUROPE-WEST2",
            "logging": [],
            "name": "my_cloud_bucket_876543",
            "project": "terraform-practise-318515",
            "requester_pays": false,
            "retention_policy": [
              {
                "is_locked": false,
                "retention_period": 3200
              }
            ],
            "self_link": "https://www.googleapis.com/storage/v1/b/my_cloud_bucket_876543",
            "storage_class": "STANDARD",
            "uniform_bucket_level_access": false,
            "url": "gs://my_cloud_bucket_876543",
            "versioning": [],
            "website": []
          },
          "sensitive_attributes": [],
          "private": "bnVsbA=="
        }
      ]
    }
  ]
}
